{
  "version": 4,
  "terraform_version": "1.0.1",
  "serial": 107,
  "lineage": "bf73aea5-1865-66b9-24e0-6d51316e7ee6",
  "outputs": {
    "network_interface_ids": {
      "value": [
        [
          "/subscriptions/596edce6-97a9-44ad-acf7-e4848b14c029/resourceGroups/revanth/providers/Microsoft.Network/networkInterfaces/printif1",
          "/subscriptions/596edce6-97a9-44ad-acf7-e4848b14c029/resourceGroups/revanth/providers/Microsoft.Network/networkInterfaces/printif2"
        ]
      ],
      "type": [
        "tuple",
        [
          [
            "tuple",
            [
              "string",
              "string"
            ]
          ]
        ]
      ]
    }
  },
  "resources": [
    {
      "module": "module.testvm",
      "mode": "managed",
      "type": "azurerm_linux_virtual_machine",
      "name": "vm1app",
      "provider": "provider[\"registry.terraform.io/hashicorp/azurerm\"]",
      "instances": [
        {
          "index_key": 0,
          "schema_version": 0,
          "attributes": {
            "additional_capabilities": [],
            "admin_password": "P@$$w0rd1234!",
            "admin_ssh_key": [],
            "admin_username": "adminuser",
            "allow_extension_operations": true,
            "availability_set_id": "",
            "boot_diagnostics": [],
            "computer_name": "appvm1",
            "custom_data": null,
            "dedicated_host_id": "",
            "disable_password_authentication": false,
            "encryption_at_host_enabled": false,
            "eviction_policy": "",
            "extensions_time_budget": "PT1H30M",
            "id": "/subscriptions/596edce6-97a9-44ad-acf7-e4848b14c029/resourceGroups/revanth/providers/Microsoft.Compute/virtualMachines/appvm1",
            "identity": [],
            "license_type": "",
            "location": "eastus",
            "max_bid_price": -1,
            "name": "appvm1",
            "network_interface_ids": [
              "/subscriptions/596edce6-97a9-44ad-acf7-e4848b14c029/resourceGroups/revanth/providers/Microsoft.Network/networkInterfaces/printif1"
            ],
            "os_disk": [
              {
                "caching": "ReadWrite",
                "diff_disk_settings": [],
                "disk_encryption_set_id": "",
                "disk_size_gb": 30,
                "name": "appvm1_OsDisk_1_ca39d85f7ffe490582b9ac02e37c5b59",
                "storage_account_type": "Standard_LRS",
                "write_accelerator_enabled": false
              }
            ],
            "plan": [],
            "platform_fault_domain": -1,
            "priority": "Regular",
            "private_ip_address": "10.1.4.5",
            "private_ip_addresses": [
              "10.1.4.5"
            ],
            "provision_vm_agent": true,
            "proximity_placement_group_id": "",
            "public_ip_address": "",
            "public_ip_addresses": [],
            "resource_group_name": "revanth",
            "secret": [],
            "size": "Standard_B1s",
            "source_image_id": "",
            "source_image_reference": [
              {
                "offer": "UbuntuServer",
                "publisher": "Canonical",
                "sku": "18.04-LTS",
                "version": "latest"
              }
            ],
            "tags": null,
            "timeouts": null,
            "virtual_machine_id": "ebb664d7-7a97-4a47-a301-211a878e26a7",
            "virtual_machine_scale_set_id": "",
            "zone": "1"
          },
          "sensitive_attributes": [],
          "private": "eyJlMmJmYjczMC1lY2FhLTExZTYtOGY4OC0zNDM2M2JjN2M0YzAiOnsiY3JlYXRlIjoyNzAwMDAwMDAwMDAwLCJkZWxldGUiOjI3MDAwMDAwMDAwMDAsInJlYWQiOjMwMDAwMDAwMDAwMCwidXBkYXRlIjoyNzAwMDAwMDAwMDAwfX0=",
          "dependencies": [
            "module.testvpc.azurerm_network_interface.netinterface2private",
            "module.testvpc.azurerm_resource_group.revgroup",
            "module.testvpc.azurerm_subnet.private_subnets",
            "module.testvpc.azurerm_virtual_network.Vnet1"
          ]
        },
        {
          "index_key": 1,
          "schema_version": 0,
          "attributes": {
            "additional_capabilities": [],
            "admin_password": "P@$$w0rd1234!",
            "admin_ssh_key": [],
            "admin_username": "adminuser",
            "allow_extension_operations": true,
            "availability_set_id": "",
            "boot_diagnostics": [],
            "computer_name": "appvm2",
            "custom_data": null,
            "dedicated_host_id": "",
            "disable_password_authentication": false,
            "encryption_at_host_enabled": false,
            "eviction_policy": "",
            "extensions_time_budget": "PT1H30M",
            "id": "/subscriptions/596edce6-97a9-44ad-acf7-e4848b14c029/resourceGroups/revanth/providers/Microsoft.Compute/virtualMachines/appvm2",
            "identity": [],
            "license_type": "",
            "location": "eastus",
            "max_bid_price": -1,
            "name": "appvm2",
            "network_interface_ids": [
              "/subscriptions/596edce6-97a9-44ad-acf7-e4848b14c029/resourceGroups/revanth/providers/Microsoft.Network/networkInterfaces/printif2"
            ],
            "os_disk": [
              {
                "caching": "ReadWrite",
                "diff_disk_settings": [],
                "disk_encryption_set_id": "",
                "disk_size_gb": 30,
                "name": "appvm2_OsDisk_1_f5317f5b142e428db79943274c8ab82a",
                "storage_account_type": "Standard_LRS",
                "write_accelerator_enabled": false
              }
            ],
            "plan": [],
            "platform_fault_domain": -1,
            "priority": "Regular",
            "private_ip_address": "10.1.4.4",
            "private_ip_addresses": [
              "10.1.4.4"
            ],
            "provision_vm_agent": true,
            "proximity_placement_group_id": "",
            "public_ip_address": "",
            "public_ip_addresses": [],
            "resource_group_name": "revanth",
            "secret": [],
            "size": "Standard_B1s",
            "source_image_id": "",
            "source_image_reference": [
              {
                "offer": "UbuntuServer",
                "publisher": "Canonical",
                "sku": "18.04-LTS",
                "version": "latest"
              }
            ],
            "tags": null,
            "timeouts": null,
            "virtual_machine_id": "83f0b66d-ba7a-4555-b7e1-2204b344f678",
            "virtual_machine_scale_set_id": "",
            "zone": "2"
          },
          "sensitive_attributes": [],
          "private": "eyJlMmJmYjczMC1lY2FhLTExZTYtOGY4OC0zNDM2M2JjN2M0YzAiOnsiY3JlYXRlIjoyNzAwMDAwMDAwMDAwLCJkZWxldGUiOjI3MDAwMDAwMDAwMDAsInJlYWQiOjMwMDAwMDAwMDAwMCwidXBkYXRlIjoyNzAwMDAwMDAwMDAwfX0=",
          "dependencies": [
            "module.testvpc.azurerm_network_interface.netinterface2private",
            "module.testvpc.azurerm_resource_group.revgroup",
            "module.testvpc.azurerm_subnet.private_subnets",
            "module.testvpc.azurerm_virtual_network.Vnet1"
          ]
        }
      ]
    },
    {
      "module": "module.testvm",
      "mode": "managed",
      "type": "azurerm_linux_virtual_machine",
      "name": "vm1east",
      "provider": "provider[\"registry.terraform.io/hashicorp/azurerm\"]",
      "instances": [
        {
          "index_key": 0,
          "schema_version": 0,
          "attributes": {
            "additional_capabilities": [],
            "admin_password": "P@$$w0rd1234!",
            "admin_ssh_key": [],
            "admin_username": "adminuser",
            "allow_extension_operations": true,
            "availability_set_id": "",
            "boot_diagnostics": [],
            "computer_name": "webvm1",
            "custom_data": null,
            "dedicated_host_id": "",
            "disable_password_authentication": false,
            "encryption_at_host_enabled": false,
            "eviction_policy": "",
            "extensions_time_budget": "PT1H30M",
            "id": "/subscriptions/596edce6-97a9-44ad-acf7-e4848b14c029/resourceGroups/revanth/providers/Microsoft.Compute/virtualMachines/webvm1",
            "identity": [],
            "license_type": "",
            "location": "eastus",
            "max_bid_price": -1,
            "name": "webvm1",
            "network_interface_ids": [
              "/subscriptions/596edce6-97a9-44ad-acf7-e4848b14c029/resourceGroups/revanth/providers/Microsoft.Network/networkInterfaces/ntif1"
            ],
            "os_disk": [
              {
                "caching": "ReadWrite",
                "diff_disk_settings": [],
                "disk_encryption_set_id": "",
                "disk_size_gb": 30,
                "name": "webvm1_OsDisk_1_a1a1d817865548138a51633bad3a3fb6",
                "storage_account_type": "Standard_LRS",
                "write_accelerator_enabled": false
              }
            ],
            "plan": [],
            "platform_fault_domain": -1,
            "priority": "Regular",
            "private_ip_address": "10.1.3.4",
            "private_ip_addresses": [
              "10.1.3.4"
            ],
            "provision_vm_agent": true,
            "proximity_placement_group_id": "",
            "public_ip_address": "52.186.30.22",
            "public_ip_addresses": [
              "52.186.30.22"
            ],
            "resource_group_name": "revanth",
            "secret": [],
            "size": "Standard_B1s",
            "source_image_id": "",
            "source_image_reference": [
              {
                "offer": "UbuntuServer",
                "publisher": "Canonical",
                "sku": "18.04-LTS",
                "version": "latest"
              }
            ],
            "tags": null,
            "timeouts": null,
            "virtual_machine_id": "fe720524-dd09-46d0-80bd-703fb6b436d9",
            "virtual_machine_scale_set_id": "",
            "zone": ""
          },
          "sensitive_attributes": [],
          "private": "eyJlMmJmYjczMC1lY2FhLTExZTYtOGY4OC0zNDM2M2JjN2M0YzAiOnsiY3JlYXRlIjoyNzAwMDAwMDAwMDAwLCJkZWxldGUiOjI3MDAwMDAwMDAwMDAsInJlYWQiOjMwMDAwMDAwMDAwMCwidXBkYXRlIjoyNzAwMDAwMDAwMDAwfX0=",
          "dependencies": [
            "module.testvpc.azurerm_network_interface.netinterface1",
            "module.testvpc.azurerm_public_ip.public_ip",
            "module.testvpc.azurerm_resource_group.revgroup",
            "module.testvpc.azurerm_subnet.public_subnets",
            "module.testvpc.azurerm_virtual_network.Vnet1"
          ]
        },
        {
          "index_key": 1,
          "schema_version": 0,
          "attributes": {
            "additional_capabilities": [],
            "admin_password": "P@$$w0rd1234!",
            "admin_ssh_key": [],
            "admin_username": "adminuser",
            "allow_extension_operations": true,
            "availability_set_id": "",
            "boot_diagnostics": [],
            "computer_name": "webvm2",
            "custom_data": null,
            "dedicated_host_id": "",
            "disable_password_authentication": false,
            "encryption_at_host_enabled": false,
            "eviction_policy": "",
            "extensions_time_budget": "PT1H30M",
            "id": "/subscriptions/596edce6-97a9-44ad-acf7-e4848b14c029/resourceGroups/revanth/providers/Microsoft.Compute/virtualMachines/webvm2",
            "identity": [],
            "license_type": "",
            "location": "eastus",
            "max_bid_price": -1,
            "name": "webvm2",
            "network_interface_ids": [
              "/subscriptions/596edce6-97a9-44ad-acf7-e4848b14c029/resourceGroups/revanth/providers/Microsoft.Network/networkInterfaces/ntif2"
            ],
            "os_disk": [
              {
                "caching": "ReadWrite",
                "diff_disk_settings": [],
                "disk_encryption_set_id": "",
                "disk_size_gb": 30,
                "name": "webvm2_OsDisk_1_3f5f3e297da54eb1982c6037580ed5ac",
                "storage_account_type": "Standard_LRS",
                "write_accelerator_enabled": false
              }
            ],
            "plan": [],
            "platform_fault_domain": -1,
            "priority": "Regular",
            "private_ip_address": "10.1.3.5",
            "private_ip_addresses": [
              "10.1.3.5"
            ],
            "provision_vm_agent": true,
            "proximity_placement_group_id": "",
            "public_ip_address": "52.186.30.63",
            "public_ip_addresses": [
              "52.186.30.63"
            ],
            "resource_group_name": "revanth",
            "secret": [],
            "size": "Standard_B1s",
            "source_image_id": "",
            "source_image_reference": [
              {
                "offer": "UbuntuServer",
                "publisher": "Canonical",
                "sku": "18.04-LTS",
                "version": "latest"
              }
            ],
            "tags": null,
            "timeouts": null,
            "virtual_machine_id": "521acdce-2cda-48fe-98c5-97671819f4a9",
            "virtual_machine_scale_set_id": "",
            "zone": ""
          },
          "sensitive_attributes": [],
          "private": "eyJlMmJmYjczMC1lY2FhLTExZTYtOGY4OC0zNDM2M2JjN2M0YzAiOnsiY3JlYXRlIjoyNzAwMDAwMDAwMDAwLCJkZWxldGUiOjI3MDAwMDAwMDAwMDAsInJlYWQiOjMwMDAwMDAwMDAwMCwidXBkYXRlIjoyNzAwMDAwMDAwMDAwfX0=",
          "dependencies": [
            "module.testvpc.azurerm_network_interface.netinterface1",
            "module.testvpc.azurerm_public_ip.public_ip",
            "module.testvpc.azurerm_resource_group.revgroup",
            "module.testvpc.azurerm_subnet.public_subnets",
            "module.testvpc.azurerm_virtual_network.Vnet1"
          ]
        }
      ]
    },
    {
      "module": "module.testvpc",
      "mode": "managed",
      "type": "azurerm_network_interface",
      "name": "netinterface1",
      "provider": "provider[\"registry.terraform.io/hashicorp/azurerm\"]",
      "instances": [
        {
          "index_key": 0,
          "schema_version": 0,
          "attributes": {
            "applied_dns_servers": [],
            "dns_servers": [],
            "enable_accelerated_networking": false,
            "enable_ip_forwarding": false,
            "id": "/subscriptions/596edce6-97a9-44ad-acf7-e4848b14c029/resourceGroups/revanth/providers/Microsoft.Network/networkInterfaces/ntif1",
            "internal_dns_name_label": "",
            "internal_domain_name_suffix": "bs3b1ny5i1ne3bqg0om2t5e0xd.bx.internal.cloudapp.net",
            "ip_configuration": [
              {
                "name": "ipconfig1",
                "primary": true,
                "private_ip_address": "10.1.3.4",
                "private_ip_address_allocation": "Dynamic",
                "private_ip_address_version": "IPv4",
                "public_ip_address_id": "/subscriptions/596edce6-97a9-44ad-acf7-e4848b14c029/resourceGroups/revanth/providers/Microsoft.Network/publicIPAddresses/pip_1",
                "subnet_id": "/subscriptions/596edce6-97a9-44ad-acf7-e4848b14c029/resourceGroups/revanth/providers/Microsoft.Network/virtualNetworks/projectvnet/subnets/websubnet"
              }
            ],
            "location": "eastus",
            "mac_address": "",
            "name": "ntif1",
            "private_ip_address": "10.1.3.4",
            "private_ip_addresses": [
              "10.1.3.4"
            ],
            "resource_group_name": "revanth",
            "tags": null,
            "timeouts": null,
            "virtual_machine_id": ""
          },
          "sensitive_attributes": [],
          "private": "eyJlMmJmYjczMC1lY2FhLTExZTYtOGY4OC0zNDM2M2JjN2M0YzAiOnsiY3JlYXRlIjoxODAwMDAwMDAwMDAwLCJkZWxldGUiOjE4MDAwMDAwMDAwMDAsInJlYWQiOjMwMDAwMDAwMDAwMCwidXBkYXRlIjoxODAwMDAwMDAwMDAwfX0=",
          "dependencies": [
            "module.testvpc.azurerm_public_ip.public_ip",
            "module.testvpc.azurerm_subnet.public_subnets",
            "module.testvpc.azurerm_virtual_network.Vnet1"
          ]
        },
        {
          "index_key": 1,
          "schema_version": 0,
          "attributes": {
            "applied_dns_servers": [],
            "dns_servers": [],
            "enable_accelerated_networking": false,
            "enable_ip_forwarding": false,
            "id": "/subscriptions/596edce6-97a9-44ad-acf7-e4848b14c029/resourceGroups/revanth/providers/Microsoft.Network/networkInterfaces/ntif2",
            "internal_dns_name_label": "",
            "internal_domain_name_suffix": "bs3b1ny5i1ne3bqg0om2t5e0xd.bx.internal.cloudapp.net",
            "ip_configuration": [
              {
                "name": "ipconfig2",
                "primary": true,
                "private_ip_address": "10.1.3.5",
                "private_ip_address_allocation": "Dynamic",
                "private_ip_address_version": "IPv4",
                "public_ip_address_id": "/subscriptions/596edce6-97a9-44ad-acf7-e4848b14c029/resourceGroups/revanth/providers/Microsoft.Network/publicIPAddresses/pip_2",
                "subnet_id": "/subscriptions/596edce6-97a9-44ad-acf7-e4848b14c029/resourceGroups/revanth/providers/Microsoft.Network/virtualNetworks/projectvnet/subnets/websubnet"
              }
            ],
            "location": "eastus",
            "mac_address": "",
            "name": "ntif2",
            "private_ip_address": "10.1.3.5",
            "private_ip_addresses": [
              "10.1.3.5"
            ],
            "resource_group_name": "revanth",
            "tags": null,
            "timeouts": null,
            "virtual_machine_id": ""
          },
          "sensitive_attributes": [],
          "private": "eyJlMmJmYjczMC1lY2FhLTExZTYtOGY4OC0zNDM2M2JjN2M0YzAiOnsiY3JlYXRlIjoxODAwMDAwMDAwMDAwLCJkZWxldGUiOjE4MDAwMDAwMDAwMDAsInJlYWQiOjMwMDAwMDAwMDAwMCwidXBkYXRlIjoxODAwMDAwMDAwMDAwfX0=",
          "dependencies": [
            "module.testvpc.azurerm_public_ip.public_ip",
            "module.testvpc.azurerm_subnet.public_subnets",
            "module.testvpc.azurerm_virtual_network.Vnet1"
          ]
        }
      ]
    },
    {
      "module": "module.testvpc",
      "mode": "managed",
      "type": "azurerm_network_interface",
      "name": "netinterface2private",
      "provider": "provider[\"registry.terraform.io/hashicorp/azurerm\"]",
      "instances": [
        {
          "index_key": 0,
          "schema_version": 0,
          "attributes": {
            "applied_dns_servers": [],
            "dns_servers": [],
            "enable_accelerated_networking": false,
            "enable_ip_forwarding": false,
            "id": "/subscriptions/596edce6-97a9-44ad-acf7-e4848b14c029/resourceGroups/revanth/providers/Microsoft.Network/networkInterfaces/printif1",
            "internal_dns_name_label": "",
            "internal_domain_name_suffix": "bs3b1ny5i1ne3bqg0om2t5e0xd.bx.internal.cloudapp.net",
            "ip_configuration": [
              {
                "name": "priipconfig1",
                "primary": true,
                "private_ip_address": "10.1.4.5",
                "private_ip_address_allocation": "Dynamic",
                "private_ip_address_version": "IPv4",
                "public_ip_address_id": "",
                "subnet_id": "/subscriptions/596edce6-97a9-44ad-acf7-e4848b14c029/resourceGroups/revanth/providers/Microsoft.Network/virtualNetworks/projectvnet/subnets/appsubnet"
              }
            ],
            "location": "eastus",
            "mac_address": "",
            "name": "printif1",
            "private_ip_address": "10.1.4.5",
            "private_ip_addresses": [
              "10.1.4.5"
            ],
            "resource_group_name": "revanth",
            "tags": null,
            "timeouts": null,
            "virtual_machine_id": ""
          },
          "sensitive_attributes": [],
          "private": "eyJlMmJmYjczMC1lY2FhLTExZTYtOGY4OC0zNDM2M2JjN2M0YzAiOnsiY3JlYXRlIjoxODAwMDAwMDAwMDAwLCJkZWxldGUiOjE4MDAwMDAwMDAwMDAsInJlYWQiOjMwMDAwMDAwMDAwMCwidXBkYXRlIjoxODAwMDAwMDAwMDAwfX0=",
          "dependencies": [
            "module.testvpc.azurerm_subnet.private_subnets",
            "module.testvpc.azurerm_virtual_network.Vnet1"
          ]
        },
        {
          "index_key": 1,
          "schema_version": 0,
          "attributes": {
            "applied_dns_servers": [],
            "dns_servers": [],
            "enable_accelerated_networking": false,
            "enable_ip_forwarding": false,
            "id": "/subscriptions/596edce6-97a9-44ad-acf7-e4848b14c029/resourceGroups/revanth/providers/Microsoft.Network/networkInterfaces/printif2",
            "internal_dns_name_label": "",
            "internal_domain_name_suffix": "bs3b1ny5i1ne3bqg0om2t5e0xd.bx.internal.cloudapp.net",
            "ip_configuration": [
              {
                "name": "priipconfig2",
                "primary": true,
                "private_ip_address": "10.1.4.4",
                "private_ip_address_allocation": "Dynamic",
                "private_ip_address_version": "IPv4",
                "public_ip_address_id": "",
                "subnet_id": "/subscriptions/596edce6-97a9-44ad-acf7-e4848b14c029/resourceGroups/revanth/providers/Microsoft.Network/virtualNetworks/projectvnet/subnets/appsubnet"
              }
            ],
            "location": "eastus",
            "mac_address": "",
            "name": "printif2",
            "private_ip_address": "10.1.4.4",
            "private_ip_addresses": [
              "10.1.4.4"
            ],
            "resource_group_name": "revanth",
            "tags": null,
            "timeouts": null,
            "virtual_machine_id": ""
          },
          "sensitive_attributes": [],
          "private": "eyJlMmJmYjczMC1lY2FhLTExZTYtOGY4OC0zNDM2M2JjN2M0YzAiOnsiY3JlYXRlIjoxODAwMDAwMDAwMDAwLCJkZWxldGUiOjE4MDAwMDAwMDAwMDAsInJlYWQiOjMwMDAwMDAwMDAwMCwidXBkYXRlIjoxODAwMDAwMDAwMDAwfX0=",
          "dependencies": [
            "module.testvpc.azurerm_subnet.private_subnets",
            "module.testvpc.azurerm_virtual_network.Vnet1"
          ]
        }
      ]
    },
    {
      "module": "module.testvpc",
      "mode": "managed",
      "type": "azurerm_network_interface_security_group_association",
      "name": "example",
      "provider": "provider[\"registry.terraform.io/hashicorp/azurerm\"]",
      "instances": [
        {
          "index_key": 0,
          "schema_version": 0,
          "attributes": {
            "id": "/subscriptions/596edce6-97a9-44ad-acf7-e4848b14c029/resourceGroups/revanth/providers/Microsoft.Network/networkInterfaces/ntif1|/subscriptions/596edce6-97a9-44ad-acf7-e4848b14c029/resourceGroups/revanth/providers/Microsoft.Network/networkSecurityGroups/nsg1",
            "network_interface_id": "/subscriptions/596edce6-97a9-44ad-acf7-e4848b14c029/resourceGroups/revanth/providers/Microsoft.Network/networkInterfaces/ntif1",
            "network_security_group_id": "/subscriptions/596edce6-97a9-44ad-acf7-e4848b14c029/resourceGroups/revanth/providers/Microsoft.Network/networkSecurityGroups/nsg1",
            "timeouts": null
          },
          "sensitive_attributes": [],
          "private": "eyJlMmJmYjczMC1lY2FhLTExZTYtOGY4OC0zNDM2M2JjN2M0YzAiOnsiY3JlYXRlIjoxODAwMDAwMDAwMDAwLCJkZWxldGUiOjE4MDAwMDAwMDAwMDAsInJlYWQiOjMwMDAwMDAwMDAwMCwidXBkYXRlIjoxODAwMDAwMDAwMDAwfX0=",
          "dependencies": [
            "module.testvpc.azurerm_network_interface.netinterface1",
            "module.testvpc.azurerm_network_security_group.nsg1",
            "module.testvpc.azurerm_public_ip.public_ip",
            "module.testvpc.azurerm_subnet.public_subnets",
            "module.testvpc.azurerm_virtual_network.Vnet1"
          ]
        },
        {
          "index_key": 1,
          "schema_version": 0,
          "attributes": {
            "id": "/subscriptions/596edce6-97a9-44ad-acf7-e4848b14c029/resourceGroups/revanth/providers/Microsoft.Network/networkInterfaces/ntif2|/subscriptions/596edce6-97a9-44ad-acf7-e4848b14c029/resourceGroups/revanth/providers/Microsoft.Network/networkSecurityGroups/nsg1",
            "network_interface_id": "/subscriptions/596edce6-97a9-44ad-acf7-e4848b14c029/resourceGroups/revanth/providers/Microsoft.Network/networkInterfaces/ntif2",
            "network_security_group_id": "/subscriptions/596edce6-97a9-44ad-acf7-e4848b14c029/resourceGroups/revanth/providers/Microsoft.Network/networkSecurityGroups/nsg1",
            "timeouts": null
          },
          "sensitive_attributes": [],
          "private": "eyJlMmJmYjczMC1lY2FhLTExZTYtOGY4OC0zNDM2M2JjN2M0YzAiOnsiY3JlYXRlIjoxODAwMDAwMDAwMDAwLCJkZWxldGUiOjE4MDAwMDAwMDAwMDAsInJlYWQiOjMwMDAwMDAwMDAwMCwidXBkYXRlIjoxODAwMDAwMDAwMDAwfX0=",
          "dependencies": [
            "module.testvpc.azurerm_network_interface.netinterface1",
            "module.testvpc.azurerm_network_security_group.nsg1",
            "module.testvpc.azurerm_public_ip.public_ip",
            "module.testvpc.azurerm_subnet.public_subnets",
            "module.testvpc.azurerm_virtual_network.Vnet1"
          ]
        }
      ]
    },
    {
      "module": "module.testvpc",
      "mode": "managed",
      "type": "azurerm_network_interface_security_group_association",
      "name": "example1",
      "provider": "provider[\"registry.terraform.io/hashicorp/azurerm\"]",
      "instances": [
        {
          "index_key": 0,
          "schema_version": 0,
          "attributes": {
            "id": "/subscriptions/596edce6-97a9-44ad-acf7-e4848b14c029/resourceGroups/revanth/providers/Microsoft.Network/networkInterfaces/printif1|/subscriptions/596edce6-97a9-44ad-acf7-e4848b14c029/resourceGroups/revanth/providers/Microsoft.Network/networkSecurityGroups/nsg2",
            "network_interface_id": "/subscriptions/596edce6-97a9-44ad-acf7-e4848b14c029/resourceGroups/revanth/providers/Microsoft.Network/networkInterfaces/printif1",
            "network_security_group_id": "/subscriptions/596edce6-97a9-44ad-acf7-e4848b14c029/resourceGroups/revanth/providers/Microsoft.Network/networkSecurityGroups/nsg2",
            "timeouts": null
          },
          "sensitive_attributes": [],
          "private": "eyJlMmJmYjczMC1lY2FhLTExZTYtOGY4OC0zNDM2M2JjN2M0YzAiOnsiY3JlYXRlIjoxODAwMDAwMDAwMDAwLCJkZWxldGUiOjE4MDAwMDAwMDAwMDAsInJlYWQiOjMwMDAwMDAwMDAwMCwidXBkYXRlIjoxODAwMDAwMDAwMDAwfX0=",
          "dependencies": [
            "module.testvpc.azurerm_network_interface.netinterface2private",
            "module.testvpc.azurerm_network_security_group.nsg2",
            "module.testvpc.azurerm_subnet.private_subnets",
            "module.testvpc.azurerm_virtual_network.Vnet1"
          ]
        },
        {
          "index_key": 1,
          "schema_version": 0,
          "attributes": {
            "id": "/subscriptions/596edce6-97a9-44ad-acf7-e4848b14c029/resourceGroups/revanth/providers/Microsoft.Network/networkInterfaces/printif2|/subscriptions/596edce6-97a9-44ad-acf7-e4848b14c029/resourceGroups/revanth/providers/Microsoft.Network/networkSecurityGroups/nsg2",
            "network_interface_id": "/subscriptions/596edce6-97a9-44ad-acf7-e4848b14c029/resourceGroups/revanth/providers/Microsoft.Network/networkInterfaces/printif2",
            "network_security_group_id": "/subscriptions/596edce6-97a9-44ad-acf7-e4848b14c029/resourceGroups/revanth/providers/Microsoft.Network/networkSecurityGroups/nsg2",
            "timeouts": null
          },
          "sensitive_attributes": [],
          "private": "eyJlMmJmYjczMC1lY2FhLTExZTYtOGY4OC0zNDM2M2JjN2M0YzAiOnsiY3JlYXRlIjoxODAwMDAwMDAwMDAwLCJkZWxldGUiOjE4MDAwMDAwMDAwMDAsInJlYWQiOjMwMDAwMDAwMDAwMCwidXBkYXRlIjoxODAwMDAwMDAwMDAwfX0=",
          "dependencies": [
            "module.testvpc.azurerm_network_interface.netinterface2private",
            "module.testvpc.azurerm_network_security_group.nsg2",
            "module.testvpc.azurerm_subnet.private_subnets",
            "module.testvpc.azurerm_virtual_network.Vnet1"
          ]
        }
      ]
    },
    {
      "module": "module.testvpc",
      "mode": "managed",
      "type": "azurerm_network_security_group",
      "name": "nsg1",
      "provider": "provider[\"registry.terraform.io/hashicorp/azurerm\"]",
      "instances": [
        {
          "schema_version": 0,
          "attributes": {
            "id": "/subscriptions/596edce6-97a9-44ad-acf7-e4848b14c029/resourceGroups/revanth/providers/Microsoft.Network/networkSecurityGroups/nsg1",
            "location": "eastus",
            "name": "nsg1",
            "resource_group_name": "revanth",
            "security_rule": [
              {
                "access": "Allow",
                "description": "",
                "destination_address_prefix": "*",
                "destination_address_prefixes": [],
                "destination_application_security_group_ids": [],
                "destination_port_range": "*",
                "destination_port_ranges": [],
                "direction": "Inbound",
                "name": "Allow_All",
                "priority": 1001,
                "protocol": "Tcp",
                "source_address_prefix": "*",
                "source_address_prefixes": [],
                "source_application_security_group_ids": [],
                "source_port_range": "*",
                "source_port_ranges": []
              }
            ],
            "tags": null,
            "timeouts": null
          },
          "sensitive_attributes": [],
          "private": "eyJlMmJmYjczMC1lY2FhLTExZTYtOGY4OC0zNDM2M2JjN2M0YzAiOnsiY3JlYXRlIjoxODAwMDAwMDAwMDAwLCJkZWxldGUiOjE4MDAwMDAwMDAwMDAsInJlYWQiOjMwMDAwMDAwMDAwMCwidXBkYXRlIjoxODAwMDAwMDAwMDAwfX0="
        }
      ]
    },
    {
      "module": "module.testvpc",
      "mode": "managed",
      "type": "azurerm_network_security_group",
      "name": "nsg2",
      "provider": "provider[\"registry.terraform.io/hashicorp/azurerm\"]",
      "instances": [
        {
          "schema_version": 0,
          "attributes": {
            "id": "/subscriptions/596edce6-97a9-44ad-acf7-e4848b14c029/resourceGroups/revanth/providers/Microsoft.Network/networkSecurityGroups/nsg2",
            "location": "eastus",
            "name": "nsg2",
            "resource_group_name": "revanth",
            "security_rule": [
              {
                "access": "Deny",
                "description": "",
                "destination_address_prefix": "*",
                "destination_address_prefixes": [],
                "destination_application_security_group_ids": [],
                "destination_port_range": "*",
                "destination_port_ranges": [],
                "direction": "Inbound",
                "name": "Allow_All",
                "priority": 1001,
                "protocol": "Tcp",
                "source_address_prefix": "*",
                "source_address_prefixes": [],
                "source_application_security_group_ids": [],
                "source_port_range": "*",
                "source_port_ranges": []
              }
            ],
            "tags": null,
            "timeouts": null
          },
          "sensitive_attributes": [],
          "private": "eyJlMmJmYjczMC1lY2FhLTExZTYtOGY4OC0zNDM2M2JjN2M0YzAiOnsiY3JlYXRlIjoxODAwMDAwMDAwMDAwLCJkZWxldGUiOjE4MDAwMDAwMDAwMDAsInJlYWQiOjMwMDAwMDAwMDAwMCwidXBkYXRlIjoxODAwMDAwMDAwMDAwfX0="
        }
      ]
    },
    {
      "module": "module.testvpc",
      "mode": "managed",
      "type": "azurerm_public_ip",
      "name": "public_ip",
      "provider": "provider[\"registry.terraform.io/hashicorp/azurerm\"]",
      "instances": [
        {
          "index_key": 0,
          "schema_version": 0,
          "attributes": {
            "allocation_method": "Dynamic",
            "availability_zone": "No-Zone",
            "domain_name_label": null,
            "fqdn": null,
            "id": "/subscriptions/596edce6-97a9-44ad-acf7-e4848b14c029/resourceGroups/revanth/providers/Microsoft.Network/publicIPAddresses/pip_1",
            "idle_timeout_in_minutes": 4,
            "ip_address": "",
            "ip_tags": null,
            "ip_version": "IPv4",
            "location": "eastus",
            "name": "pip_1",
            "public_ip_prefix_id": null,
            "resource_group_name": "revanth",
            "reverse_fqdn": null,
            "sku": "Basic",
            "tags": {
              "environment": "Terraform Demo"
            },
            "timeouts": null,
            "zones": []
          },
          "sensitive_attributes": [],
          "private": "eyJlMmJmYjczMC1lY2FhLTExZTYtOGY4OC0zNDM2M2JjN2M0YzAiOnsiY3JlYXRlIjoxODAwMDAwMDAwMDAwLCJkZWxldGUiOjE4MDAwMDAwMDAwMDAsInJlYWQiOjMwMDAwMDAwMDAwMCwidXBkYXRlIjoxODAwMDAwMDAwMDAwfX0="
        },
        {
          "index_key": 1,
          "schema_version": 0,
          "attributes": {
            "allocation_method": "Dynamic",
            "availability_zone": "No-Zone",
            "domain_name_label": null,
            "fqdn": null,
            "id": "/subscriptions/596edce6-97a9-44ad-acf7-e4848b14c029/resourceGroups/revanth/providers/Microsoft.Network/publicIPAddresses/pip_2",
            "idle_timeout_in_minutes": 4,
            "ip_address": "",
            "ip_tags": null,
            "ip_version": "IPv4",
            "location": "eastus",
            "name": "pip_2",
            "public_ip_prefix_id": null,
            "resource_group_name": "revanth",
            "reverse_fqdn": null,
            "sku": "Basic",
            "tags": {
              "environment": "Terraform Demo"
            },
            "timeouts": null,
            "zones": []
          },
          "sensitive_attributes": [],
          "private": "eyJlMmJmYjczMC1lY2FhLTExZTYtOGY4OC0zNDM2M2JjN2M0YzAiOnsiY3JlYXRlIjoxODAwMDAwMDAwMDAwLCJkZWxldGUiOjE4MDAwMDAwMDAwMDAsInJlYWQiOjMwMDAwMDAwMDAwMCwidXBkYXRlIjoxODAwMDAwMDAwMDAwfX0="
        }
      ]
    },
    {
      "module": "module.testvpc",
      "mode": "managed",
      "type": "azurerm_resource_group",
      "name": "revgroup",
      "provider": "provider[\"registry.terraform.io/hashicorp/azurerm\"]",
      "instances": [
        {
          "schema_version": 0,
          "attributes": {
            "id": "/subscriptions/596edce6-97a9-44ad-acf7-e4848b14c029/resourceGroups/revanth",
            "location": "eastus",
            "name": "revanth",
            "tags": {},
            "timeouts": null
          },
          "sensitive_attributes": [],
          "private": "eyJlMmJmYjczMC1lY2FhLTExZTYtOGY4OC0zNDM2M2JjN2M0YzAiOnsiY3JlYXRlIjo1NDAwMDAwMDAwMDAwLCJkZWxldGUiOjU0MDAwMDAwMDAwMDAsInJlYWQiOjMwMDAwMDAwMDAwMCwidXBkYXRlIjo1NDAwMDAwMDAwMDAwfX0="
        }
      ]
    },
    {
      "module": "module.testvpc",
      "mode": "managed",
      "type": "azurerm_subnet",
      "name": "private_subnets",
      "provider": "provider[\"registry.terraform.io/hashicorp/azurerm\"]",
      "instances": [
        {
          "schema_version": 0,
          "attributes": {
            "address_prefix": "10.1.4.0/24",
            "address_prefixes": [
              "10.1.4.0/24"
            ],
            "delegation": [],
            "enforce_private_link_endpoint_network_policies": false,
            "enforce_private_link_service_network_policies": false,
            "id": "/subscriptions/596edce6-97a9-44ad-acf7-e4848b14c029/resourceGroups/revanth/providers/Microsoft.Network/virtualNetworks/projectvnet/subnets/appsubnet",
            "name": "appsubnet",
            "resource_group_name": "revanth",
            "service_endpoint_policy_ids": null,
            "service_endpoints": null,
            "timeouts": null,
            "virtual_network_name": "projectvnet"
          },
          "sensitive_attributes": [],
          "private": "eyJlMmJmYjczMC1lY2FhLTExZTYtOGY4OC0zNDM2M2JjN2M0YzAiOnsiY3JlYXRlIjoxODAwMDAwMDAwMDAwLCJkZWxldGUiOjE4MDAwMDAwMDAwMDAsInJlYWQiOjMwMDAwMDAwMDAwMCwidXBkYXRlIjoxODAwMDAwMDAwMDAwfX0=",
          "dependencies": [
            "module.testvpc.azurerm_virtual_network.Vnet1"
          ]
        }
      ]
    },
    {
      "module": "module.testvpc",
      "mode": "managed",
      "type": "azurerm_subnet",
      "name": "public_subnets",
      "provider": "provider[\"registry.terraform.io/hashicorp/azurerm\"]",
      "instances": [
        {
          "schema_version": 0,
          "attributes": {
            "address_prefix": "10.1.3.0/24",
            "address_prefixes": [
              "10.1.3.0/24"
            ],
            "delegation": [],
            "enforce_private_link_endpoint_network_policies": false,
            "enforce_private_link_service_network_policies": false,
            "id": "/subscriptions/596edce6-97a9-44ad-acf7-e4848b14c029/resourceGroups/revanth/providers/Microsoft.Network/virtualNetworks/projectvnet/subnets/websubnet",
            "name": "websubnet",
            "resource_group_name": "revanth",
            "service_endpoint_policy_ids": null,
            "service_endpoints": null,
            "timeouts": null,
            "virtual_network_name": "projectvnet"
          },
          "sensitive_attributes": [],
          "private": "eyJlMmJmYjczMC1lY2FhLTExZTYtOGY4OC0zNDM2M2JjN2M0YzAiOnsiY3JlYXRlIjoxODAwMDAwMDAwMDAwLCJkZWxldGUiOjE4MDAwMDAwMDAwMDAsInJlYWQiOjMwMDAwMDAwMDAwMCwidXBkYXRlIjoxODAwMDAwMDAwMDAwfX0=",
          "dependencies": [
            "module.testvpc.azurerm_virtual_network.Vnet1"
          ]
        }
      ]
    },
    {
      "module": "module.testvpc",
      "mode": "managed",
      "type": "azurerm_subnet",
      "name": "subnets",
      "provider": "provider[\"registry.terraform.io/hashicorp/azurerm\"]",
      "instances": [
        {
          "index_key": 0,
          "schema_version": 0,
          "attributes": {
            "address_prefix": "10.1.1.0/24",
            "address_prefixes": [
              "10.1.1.0/24"
            ],
            "delegation": [],
            "enforce_private_link_endpoint_network_policies": false,
            "enforce_private_link_service_network_policies": false,
            "id": "/subscriptions/596edce6-97a9-44ad-acf7-e4848b14c029/resourceGroups/revanth/providers/Microsoft.Network/virtualNetworks/projectvnet/subnets/Application_Gateway_subnet",
            "name": "Application_Gateway_subnet",
            "resource_group_name": "revanth",
            "service_endpoint_policy_ids": null,
            "service_endpoints": null,
            "timeouts": null,
            "virtual_network_name": "projectvnet"
          },
          "sensitive_attributes": [],
          "private": "eyJlMmJmYjczMC1lY2FhLTExZTYtOGY4OC0zNDM2M2JjN2M0YzAiOnsiY3JlYXRlIjoxODAwMDAwMDAwMDAwLCJkZWxldGUiOjE4MDAwMDAwMDAwMDAsInJlYWQiOjMwMDAwMDAwMDAwMCwidXBkYXRlIjoxODAwMDAwMDAwMDAwfX0=",
          "dependencies": [
            "module.testvpc.azurerm_virtual_network.Vnet1"
          ]
        },
        {
          "index_key": 1,
          "schema_version": 0,
          "attributes": {
            "address_prefix": "10.1.2.0/24",
            "address_prefixes": [
              "10.1.2.0/24"
            ],
            "delegation": [],
            "enforce_private_link_endpoint_network_policies": false,
            "enforce_private_link_service_network_policies": false,
            "id": "/subscriptions/596edce6-97a9-44ad-acf7-e4848b14c029/resourceGroups/revanth/providers/Microsoft.Network/virtualNetworks/projectvnet/subnets/management_subnet",
            "name": "management_subnet",
            "resource_group_name": "revanth",
            "service_endpoint_policy_ids": null,
            "service_endpoints": null,
            "timeouts": null,
            "virtual_network_name": "projectvnet"
          },
          "sensitive_attributes": [],
          "private": "eyJlMmJmYjczMC1lY2FhLTExZTYtOGY4OC0zNDM2M2JjN2M0YzAiOnsiY3JlYXRlIjoxODAwMDAwMDAwMDAwLCJkZWxldGUiOjE4MDAwMDAwMDAwMDAsInJlYWQiOjMwMDAwMDAwMDAwMCwidXBkYXRlIjoxODAwMDAwMDAwMDAwfX0=",
          "dependencies": [
            "module.testvpc.azurerm_virtual_network.Vnet1"
          ]
        },
        {
          "index_key": 2,
          "schema_version": 0,
          "attributes": {
            "address_prefix": "10.1.5.0/24",
            "address_prefixes": [
              "10.1.5.0/24"
            ],
            "delegation": [],
            "enforce_private_link_endpoint_network_policies": false,
            "enforce_private_link_service_network_policies": false,
            "id": "/subscriptions/596edce6-97a9-44ad-acf7-e4848b14c029/resourceGroups/revanth/providers/Microsoft.Network/virtualNetworks/projectvnet/subnets/sqlsubnet",
            "name": "sqlsubnet",
            "resource_group_name": "revanth",
            "service_endpoint_policy_ids": null,
            "service_endpoints": null,
            "timeouts": null,
            "virtual_network_name": "projectvnet"
          },
          "sensitive_attributes": [],
          "private": "eyJlMmJmYjczMC1lY2FhLTExZTYtOGY4OC0zNDM2M2JjN2M0YzAiOnsiY3JlYXRlIjoxODAwMDAwMDAwMDAwLCJkZWxldGUiOjE4MDAwMDAwMDAwMDAsInJlYWQiOjMwMDAwMDAwMDAwMCwidXBkYXRlIjoxODAwMDAwMDAwMDAwfX0=",
          "dependencies": [
            "module.testvpc.azurerm_virtual_network.Vnet1"
          ]
        }
      ]
    },
    {
      "module": "module.testvpc",
      "mode": "managed",
      "type": "azurerm_virtual_network",
      "name": "Vnet1",
      "provider": "provider[\"registry.terraform.io/hashicorp/azurerm\"]",
      "instances": [
        {
          "schema_version": 0,
          "attributes": {
            "address_space": [
              "10.1.0.0/16"
            ],
            "bgp_community": "",
            "ddos_protection_plan": [],
            "dns_servers": [
              "8.8.8.8",
              "8.8.4.4"
            ],
            "guid": "b71dba0c-461f-4eda-8606-d399c9fc9abb",
            "id": "/subscriptions/596edce6-97a9-44ad-acf7-e4848b14c029/resourceGroups/revanth/providers/Microsoft.Network/virtualNetworks/projectvnet",
            "location": "eastus",
            "name": "projectvnet",
            "resource_group_name": "revanth",
            "subnet": [],
            "tags": null,
            "timeouts": null,
            "vm_protection_enabled": false
          },
          "sensitive_attributes": [],
          "private": "eyJlMmJmYjczMC1lY2FhLTExZTYtOGY4OC0zNDM2M2JjN2M0YzAiOnsiY3JlYXRlIjoxODAwMDAwMDAwMDAwLCJkZWxldGUiOjE4MDAwMDAwMDAwMDAsInJlYWQiOjMwMDAwMDAwMDAwMCwidXBkYXRlIjoxODAwMDAwMDAwMDAwfX0="
        }
      ]
    }
  ]
}
